
Microsoft Visual Studio Solution File, Format Version 12.00
# Visual Studio 14
VisualStudioVersion = 14.0.25420.1
MinimumVisualStudioVersion = 10.0.40219.1
Project("{FAE04EC0-301F-11D3-BF4B-00C04F79EFBC}") = "WFXScreenLocker", "WFXScreenLocker\WFXScreenLocker.csproj", "{ED61B05F-7CE4-4503-AA4F-6A4383E96613}"
EndProject
Global
	GlobalSection(SolutionConfigurationPlatforms) = preSolution
		Debug|Any CPU = Debug|Any CPU
		Release|Any CPU = Release|Any CPU
	EndGlobalSection
	GlobalSection(ProjectConfigurationPlatforms) = postSolution
		{ED61B05F-7CE4-4503-AA4F-6A4383E96613}.Debug|Any CPU.ActiveCfg = Release|Any CPU
		{ED61B05F-7CE4-4503-AA4F-6A4383E96613}.Debug|Any CPU.Build.0 = Release|Any CPU
		{ED61B05F-7CE4-4503-AA4F-6A4383E96613}.Release|Any CPU.ActiveCfg = Release|Any CPU
		{ED61B05F-7CE4-4503-AA4F-6A4383E96613}.Release|Any CPU.Build.0 = Release|Any CPU
	EndGlobalSection
	GlobalSection(SolutionProperties) = preSolution
		HideSolutionNode = FALSE
	EndGlobalSection
EndGlobal
